
Microsoft Visual Studio Solution File, Format Version 12.00
# Visual Studio Version 17
VisualStudioVersion = 17.0.31903.59
MinimumVisualStudioVersion = 10.0.40219.1
Project("{9A19103F-16F7-4668-BE54-9A1E7A4F7556}") = "C1CHelper", "C1CHelper.csproj", "{BC6FFA5F-0BB2-4C3F-AD1E-454E53C7495A}"
EndProject
Project("{2150E333-8FDC-42A3-9474-1A3956D46DE8}") = "Solution Items", "Solution Items", "{3F716181-2DFC-4F64-B0A9-615BB1735873}"
	ProjectSection(SolutionItems) = preProject
		.editorconfig = .editorconfig
	EndProjectSection
EndProject
Project("{8BC9CEB8-8B4A-11D0-8D11-00A0C91BC942}") = "HostingDll", "..\ClrHost1\ClrHost1.vcxproj", "{5C95F524-BC1D-43A4-BDEA-4D309830CF21}"
EndProject
Project("{FAE04EC0-301F-11D3-BF4B-00C04F79EFBC}") = "C1CHelperDll", "..\C1CHelperDLL\C1CHelperDll.csproj", "{D6C86D36-18D6-40F2-B2FD-DFC82F79252C}"
EndProject
Global
	GlobalSection(SolutionConfigurationPlatforms) = preSolution
		Debug|Any CPU = Debug|Any CPU
		Debug|ARM = Debug|ARM
		Debug|ARM64 = Debug|ARM64
		Debug|x64 = Debug|x64
		Debug|x86 = Debug|x86
		Release|Any CPU = Release|Any CPU
		Release|ARM = Release|ARM
		Release|ARM64 = Release|ARM64
		Release|x64 = Release|x64
		Release|x86 = Release|x86
	EndGlobalSection
	GlobalSection(ProjectConfigurationPlatforms) = postSolution
		{BC6FFA5F-0BB2-4C3F-AD1E-454E53C7495A}.Debug|Any CPU.ActiveCfg = Debug|Any CPU
		{BC6FFA5F-0BB2-4C3F-AD1E-454E53C7495A}.Debug|Any CPU.Build.0 = Debug|Any CPU
		{BC6FFA5F-0BB2-4C3F-AD1E-454E53C7495A}.Debug|ARM.ActiveCfg = Debug|Any CPU
		{BC6FFA5F-0BB2-4C3F-AD1E-454E53C7495A}.Debug|ARM.Build.0 = Debug|Any CPU
		{BC6FFA5F-0BB2-4C3F-AD1E-454E53C7495A}.Debug|ARM64.ActiveCfg = Debug|Any CPU
		{BC6FFA5F-0BB2-4C3F-AD1E-454E53C7495A}.Debug|ARM64.Build.0 = Debug|Any CPU
		{BC6FFA5F-0BB2-4C3F-AD1E-454E53C7495A}.Debug|x64.ActiveCfg = Debug|Any CPU
		{BC6FFA5F-0BB2-4C3F-AD1E-454E53C7495A}.Debug|x64.Build.0 = Debug|Any CPU
		{BC6FFA5F-0BB2-4C3F-AD1E-454E53C7495A}.Debug|x86.ActiveCfg = Debug|Any CPU
		{BC6FFA5F-0BB2-4C3F-AD1E-454E53C7495A}.Debug|x86.Build.0 = Debug|Any CPU
		{BC6FFA5F-0BB2-4C3F-AD1E-454E53C7495A}.Release|Any CPU.ActiveCfg = Debug|Any CPU
		{BC6FFA5F-0BB2-4C3F-AD1E-454E53C7495A}.Release|Any CPU.Build.0 = Debug|Any CPU
		{BC6FFA5F-0BB2-4C3F-AD1E-454E53C7495A}.Release|ARM.ActiveCfg = Release|Any CPU
		{BC6FFA5F-0BB2-4C3F-AD1E-454E53C7495A}.Release|ARM.Build.0 = Release|Any CPU
		{BC6FFA5F-0BB2-4C3F-AD1E-454E53C7495A}.Release|ARM64.ActiveCfg = Release|Any CPU
		{BC6FFA5F-0BB2-4C3F-AD1E-454E53C7495A}.Release|ARM64.Build.0 = Release|Any CPU
		{BC6FFA5F-0BB2-4C3F-AD1E-454E53C7495A}.Release|x64.ActiveCfg = Release|Any CPU
		{BC6FFA5F-0BB2-4C3F-AD1E-454E53C7495A}.Release|x64.Build.0 = Release|Any CPU
		{BC6FFA5F-0BB2-4C3F-AD1E-454E53C7495A}.Release|x86.ActiveCfg = Release|Any CPU
		{BC6FFA5F-0BB2-4C3F-AD1E-454E53C7495A}.Release|x86.Build.0 = Release|Any CPU
		{5C95F524-BC1D-43A4-BDEA-4D309830CF21}.Debug|Any CPU.ActiveCfg = Debug|x64
		{5C95F524-BC1D-43A4-BDEA-4D309830CF21}.Debug|Any CPU.Build.0 = Debug|x64
		{5C95F524-BC1D-43A4-BDEA-4D309830CF21}.Debug|ARM.ActiveCfg = Debug|x64
		{5C95F524-BC1D-43A4-BDEA-4D309830CF21}.Debug|ARM.Build.0 = Debug|x64
		{5C95F524-BC1D-43A4-BDEA-4D309830CF21}.Debug|ARM64.ActiveCfg = Debug|x64
		{5C95F524-BC1D-43A4-BDEA-4D309830CF21}.Debug|ARM64.Build.0 = Debug|x64
		{5C95F524-BC1D-43A4-BDEA-4D309830CF21}.Debug|x64.ActiveCfg = Debug|x64
		{5C95F524-BC1D-43A4-BDEA-4D309830CF21}.Debug|x64.Build.0 = Debug|x64
		{5C95F524-BC1D-43A4-BDEA-4D309830CF21}.Debug|x86.ActiveCfg = Debug|Win32
		{5C95F524-BC1D-43A4-BDEA-4D309830CF21}.Debug|x86.Build.0 = Debug|Win32
		{5C95F524-BC1D-43A4-BDEA-4D309830CF21}.Release|Any CPU.ActiveCfg = Debug|x64
		{5C95F524-BC1D-43A4-BDEA-4D309830CF21}.Release|Any CPU.Build.0 = Debug|x64
		{5C95F524-BC1D-43A4-BDEA-4D309830CF21}.Release|ARM.ActiveCfg = Release|x64
		{5C95F524-BC1D-43A4-BDEA-4D309830CF21}.Release|ARM.Build.0 = Release|x64
		{5C95F524-BC1D-43A4-BDEA-4D309830CF21}.Release|ARM64.ActiveCfg = Release|x64
		{5C95F524-BC1D-43A4-BDEA-4D309830CF21}.Release|ARM64.Build.0 = Release|x64
		{5C95F524-BC1D-43A4-BDEA-4D309830CF21}.Release|x64.ActiveCfg = Release|x64
		{5C95F524-BC1D-43A4-BDEA-4D309830CF21}.Release|x64.Build.0 = Release|x64
		{5C95F524-BC1D-43A4-BDEA-4D309830CF21}.Release|x86.ActiveCfg = Release|Win32
		{5C95F524-BC1D-43A4-BDEA-4D309830CF21}.Release|x86.Build.0 = Release|Win32
		{D6C86D36-18D6-40F2-B2FD-DFC82F79252C}.Debug|Any CPU.ActiveCfg = Debug|Any CPU
		{D6C86D36-18D6-40F2-B2FD-DFC82F79252C}.Debug|Any CPU.Build.0 = Debug|Any CPU
		{D6C86D36-18D6-40F2-B2FD-DFC82F79252C}.Debug|ARM.ActiveCfg = Debug|Any CPU
		{D6C86D36-18D6-40F2-B2FD-DFC82F79252C}.Debug|ARM.Build.0 = Debug|Any CPU
		{D6C86D36-18D6-40F2-B2FD-DFC82F79252C}.Debug|ARM64.ActiveCfg = Debug|Any CPU
		{D6C86D36-18D6-40F2-B2FD-DFC82F79252C}.Debug|ARM64.Build.0 = Debug|Any CPU
		{D6C86D36-18D6-40F2-B2FD-DFC82F79252C}.Debug|x64.ActiveCfg = Debug|Any CPU
		{D6C86D36-18D6-40F2-B2FD-DFC82F79252C}.Debug|x64.Build.0 = Debug|Any CPU
		{D6C86D36-18D6-40F2-B2FD-DFC82F79252C}.Debug|x86.ActiveCfg = Debug|Any CPU
		{D6C86D36-18D6-40F2-B2FD-DFC82F79252C}.Debug|x86.Build.0 = Debug|Any CPU
		{D6C86D36-18D6-40F2-B2FD-DFC82F79252C}.Release|Any CPU.ActiveCfg = Release|Any CPU
		{D6C86D36-18D6-40F2-B2FD-DFC82F79252C}.Release|Any CPU.Build.0 = Release|Any CPU
		{D6C86D36-18D6-40F2-B2FD-DFC82F79252C}.Release|ARM.ActiveCfg = Release|Any CPU
		{D6C86D36-18D6-40F2-B2FD-DFC82F79252C}.Release|ARM.Build.0 = Release|Any CPU
		{D6C86D36-18D6-40F2-B2FD-DFC82F79252C}.Release|ARM64.ActiveCfg = Release|Any CPU
		{D6C86D36-18D6-40F2-B2FD-DFC82F79252C}.Release|ARM64.Build.0 = Release|Any CPU
		{D6C86D36-18D6-40F2-B2FD-DFC82F79252C}.Release|x64.ActiveCfg = Release|Any CPU
		{D6C86D36-18D6-40F2-B2FD-DFC82F79252C}.Release|x64.Build.0 = Release|Any CPU
		{D6C86D36-18D6-40F2-B2FD-DFC82F79252C}.Release|x86.ActiveCfg = Release|Any CPU
		{D6C86D36-18D6-40F2-B2FD-DFC82F79252C}.Release|x86.Build.0 = Release|Any CPU
	EndGlobalSection
	GlobalSection(SolutionProperties) = preSolution
		HideSolutionNode = FALSE
	EndGlobalSection
	GlobalSection(ExtensibilityGlobals) = postSolution
		SolutionGuid = {EFEEBE7F-C795-4D50-8326-06A8D5447446}
	EndGlobalSection
EndGlobal
